// !$*UTF8*$!
{
	archiveVersion = 1;
	classes = {
	};
	objectVersion = 56;
	objects = {

/* Begin PBXBuildFile section */
		599CC1342C88C1C100AF5E08 /* AVPlayer_APIApp.swift in Sources */ = {isa = PBXBuildFile; fileRef = 599CC1332C88C1C100AF5E08 /* AVPlayer_APIApp.swift */; };
		599CC1362C88C1C100AF5E08 /* ContentView.swift in Sources */ = {isa = PBXBuildFile; fileRef = 599CC1352C88C1C100AF5E08 /* ContentView.swift */; };
		599CC1382C88C1C200AF5E08 /* Assets.xcassets in Resources */ = {isa = PBXBuildFile; fileRef = 599CC1372C88C1C200AF5E08 /* Assets.xcassets */; };
		599CC13B2C88C1C200AF5E08 /* Preview Assets.xcassets in Resources */ = {isa = PBXBuildFile; fileRef = 599CC13A2C88C1C200AF5E08 /* Preview Assets.xcassets */; };
		599CC1432C88D2C500AF5E08 /* QueryTag.swift in Sources */ = {isa = PBXBuildFile; fileRef = 599CC1422C88D2C500AF5E08 /* QueryTag.swift */; };
		599CC1452C88F1DA00AF5E08 /* VideoManager.swift in Sources */ = {isa = PBXBuildFile; fileRef = 599CC1442C88F1DA00AF5E08 /* VideoManager.swift */; };
		59ABF5F32C89E37600066288 /* VCards.swift in Sources */ = {isa = PBXBuildFile; fileRef = 59ABF5F22C89E37600066288 /* VCards.swift */; };
/* End PBXBuildFile section */

/* Begin PBXFileReference section */
		599CC1302C88C1C100AF5E08 /* AVPlayer-API.app */ = {isa = PBXFileReference; explicitFileType = wrapper.application; includeInIndex = 0; path = "AVPlayer-API.app"; sourceTree = BUILT_PRODUCTS_DIR; };
		599CC1332C88C1C100AF5E08 /* AVPlayer_APIApp.swift */ = {isa = PBXFileReference; lastKnownFileType = sourcecode.swift; path = AVPlayer_APIApp.swift; sourceTree = "<group>"; };
		599CC1352C88C1C100AF5E08 /* ContentView.swift */ = {isa = PBXFileReference; lastKnownFileType = sourcecode.swift; path = ContentView.swift; sourceTree = "<group>"; };
		599CC1372C88C1C200AF5E08 /* Assets.xcassets */ = {isa = PBXFileReference; lastKnownFileType = folder.assetcatalog; path = Assets.xcassets; sourceTree = "<group>"; };
		599CC13A2C88C1C200AF5E08 /* Preview Assets.xcassets */ = {isa = PBXFileReference; lastKnownFileType = folder.assetcatalog; path = "Preview Assets.xcassets"; sourceTree = "<group>"; };
		599CC1422C88D2C500AF5E08 /* QueryTag.swift */ = {isa = PBXFileReference; lastKnownFileType = sourcecode.swift; path = QueryTag.swift; sourceTree = "<group>"; };
		599CC1442C88F1DA00AF5E08 /* VideoManager.swift */ = {isa = PBXFileReference; lastKnownFileType = sourcecode.swift; path = VideoManager.swift; sourceTree = "<group>"; };
		59ABF5F22C89E37600066288 /* VCards.swift */ = {isa = PBXFileReference; lastKnownFileType = sourcecode.swift; path = VCards.swift; sourceTree = "<group>"; };
/* End PBXFileReference section */

/* Begin PBXFrameworksBuildPhase section */
		599CC12D2C88C1C100AF5E08 /* Frameworks */ = {
			isa = PBXFrameworksBuildPhase;
			buildActionMask = 2147483647;
			files = (
			);
			runOnlyForDeploymentPostprocessing = 0;
		};
/* End PBXFrameworksBuildPhase section */

/* Begin PBXGroup section */
		599CC1272C88C1C100AF5E08 = {
			isa = PBXGroup;
			children = (
				599CC1322C88C1C100AF5E08 /* AVPlayer-API */,
				599CC1312C88C1C100AF5E08 /* Products */,
			);
			sourceTree = "<group>";
		};
		599CC1312C88C1C100AF5E08 /* Products */ = {
			isa = PBXGroup;
			children = (
				599CC1302C88C1C100AF5E08 /* AVPlayer-API.app */,
			);
			name = Products;
			sourceTree = "<group>";
		};
		599CC1322C88C1C100AF5E08 /* AVPlayer-API */ = {
			isa = PBXGroup;
			children = (
				599CC1332C88C1C100AF5E08 /* AVPlayer_APIApp.swift */,
				599CC1442C88F1DA00AF5E08 /* VideoManager.swift */,
				599CC1462C88FE8300AF5E08 /* Views */,
				599CC1412C88D28C00AF5E08 /* Components */,
				599CC1372C88C1C200AF5E08 /* Assets.xcassets */,
				599CC1392C88C1C200AF5E08 /* Preview Content */,
			);
			path = "AVPlayer-API";
			sourceTree = "<group>";
		};
		599CC1392C88C1C200AF5E08 /* Preview Content */ = {
			isa = PBXGroup;
			children = (
				599CC13A2C88C1C200AF5E08 /* Preview Assets.xcassets */,
			);
			path = "Preview Content";
			sourceTree = "<group>";
		};
		599CC1412C88D28C00AF5E08 /* Components */ = {
			isa = PBXGroup;
			children = (
				599CC1422C88D2C500AF5E08 /* QueryTag.swift */,
				59ABF5F22C89E37600066288 /* VCards.swift */,
			);
			path = Components;
			sourceTree = "<group>";
		};
		599CC1462C88FE8300AF5E08 /* Views */ = {
			isa = PBXGroup;
			children = (
				599CC1352C88C1C100AF5E08 /* ContentView.swift */,
			);
			path = Views;
			sourceTree = "<group>";
		};
/* End PBXGroup section */

/* Begin PBXNativeTarget section */
		599CC12F2C88C1C100AF5E08 /* AVPlayer-API */ = {
			isa = PBXNativeTarget;
			buildConfigurationList = 599CC13E2C88C1C200AF5E08 /* Build configuration list for PBXNativeTarget "AVPlayer-API" */;
			buildPhases = (
				599CC12C2C88C1C100AF5E08 /* Sources */,
				599CC12D2C88C1C100AF5E08 /* Frameworks */,
				599CC12E2C88C1C100AF5E08 /* Resources */,
			);
			buildRules = (
			);
			dependencies = (
			);
			name = "AVPlayer-API";
			productName = "AVPlayer-API";
			productReference = 599CC1302C88C1C100AF5E08 /* AVPlayer-API.app */;
			productType = "com.apple.product-type.application";
		};
/* End PBXNativeTarget section */

/* Begin PBXProject section */
		599CC1282C88C1C100AF5E08 /* Project object */ = {
			isa = PBXProject;
			attributes = {
				BuildIndependentTargetsInParallel = 1;
				LastSwiftUpdateCheck = 1540;
				LastUpgradeCheck = 1540;
				TargetAttributes = {
					599CC12F2C88C1C100AF5E08 = {
						CreatedOnToolsVersion = 15.4;
					};
				};
			};
			buildConfigurationList = 599CC12B2C88C1C100AF5E08 /* Build configuration list for PBXProject "AVPlayer-API" */;
			compatibilityVersion = "Xcode 14.0";
			developmentRegion = en;
			hasScannedForEncodings = 0;
			knownRegions = (
				en,
				Base,
			);
			mainGroup = 599CC1272C88C1C100AF5E08;
			productRefGroup = 599CC1312C88C1C100AF5E08 /* Products */;
			projectDirPath = "";
			projectRoot = "";
			targets = (
				599CC12F2C88C1C100AF5E08 /* AVPlayer-API */,
			);
		};
/* End PBXProject section */

/* Begin PBXResourcesBuildPhase section */
		599CC12E2C88C1C100AF5E08 /* Resources */ = {
			isa = PBXResourcesBuildPhase;
			buildActionMask = 2147483647;
			files = (
				599CC13B2C88C1C200AF5E08 /* Preview Assets.xcassets in Resources */,
				599CC1382C88C1C200AF5E08 /* Assets.xcassets in Resources */,
			);
			runOnlyForDeploymentPostprocessing = 0;
		};
/* End PBXResourcesBuildPhase section */

/* Begin PBXSourcesBuildPhase section */
		599CC12C2C88C1C100AF5E08 /* Sources */ = {
			isa = PBXSourcesBuildPhase;
			buildActionMask = 2147483647;
			files = (
				59ABF5F32C89E37600066288 /* VCards.swift in Sources */,
				599CC1362C88C1C100AF5E08 /* ContentView.swift in Sources */,
				599CC1432C88D2C500AF5E08 /* QueryTag.swift in Sources */,
				599CC1342C88C1C100AF5E08 /* AVPlayer_APIApp.swift in Sources */,
				599CC1452C88F1DA00AF5E08 /* VideoManager.swift in Sources */,
			);
			runOnlyForDeploymentPostprocessing = 0;
		};
/* End PBXSourcesBuildPhase section */

/* Begin XCBuildConfiguration section */
		599CC13C2C88C1C200AF5E08 /* Debug */ = {
			isa = XCBuildConfiguration;
			buildSettings = {
				ALWAYS_SEARCH_USER_PATHS = NO;
				ASSETCATALOG_COMPILER_GENERATE_SWIFT_ASSET_SYMBOL_EXTENSIONS = YES;
				CLANG_ANALYZER_NONNULL = YES;
				CLANG_ANALYZER_NUMBER_OBJECT_CONVERSION = YES_AGGRESSIVE;
				CLANG_CXX_LANGUAGE_STANDARD = "gnu++20";
				CLANG_ENABLE_MODULES = YES;
				CLANG_ENABLE_OBJC_ARC = YES;
				CLANG_ENABLE_OBJC_WEAK = YES;
				CLANG_WARN_BLOCK_CAPTURE_AUTORELEASING = YES;
				CLANG_WARN_BOOL_CONVERSION = YES;
				CLANG_WARN_COMMA = YES;
				CLANG_WARN_CONSTANT_CONVERSION = YES;
				CLANG_WARN_DEPRECATED_OBJC_IMPLEMENTATIONS = YES;
				CLANG_WARN_DIRECT_OBJC_ISA_USAGE = YES_ERROR;
				CLANG_WARN_DOCUMENTATION_COMMENTS = YES;
				CLANG_WARN_EMPTY_BODY = YES;
				CLANG_WARN_ENUM_CONVERSION = YES;
				CLANG_WARN_INFINITE_RECURSION = YES;
				CLANG_WARN_INT_CONVERSION = YES;
				CLANG_WARN_NON_LITERAL_NULL_CONVERSION = YES;
				CLANG_WARN_OBJC_IMPLICIT_RETAIN_SELF = YES;
				CLANG_WARN_OBJC_LITERAL_CONVERSION = YES;
				CLANG_WARN_OBJC_ROOT_CLASS = YES_ERROR;
				CLANG_WARN_QUOTED_INCLUDE_IN_FRAMEWORK_HEADER = YES;
				CLANG_WARN_RANGE_LOOP_ANALYSIS = YES;
				CLANG_WARN_STRICT_PROTOTYPES = YES;
				CLANG_WARN_SUSPICIOUS_MOVE = YES;
				CLANG_WARN_UNGUARDED_AVAILABILITY = YES_AGGRESSIVE;
				CLANG_WARN_UNREACHABLE_CODE = YES;
				CLANG_WARN__DUPLICATE_METHOD_MATCH = YES;
				COPY_PHASE_STRIP = NO;
				DEBUG_INFORMATION_FORMAT = dwarf;
				ENABLE_STRICT_OBJC_MSGSEND = YES;
				ENABLE_TESTABILITY = YES;
				ENABLE_USER_SCRIPT_SANDBOXING = YES;
				GCC_C_LANGUAGE_STANDARD = gnu17;
				GCC_DYNAMIC_NO_PIC = NO;
				GCC_NO_COMMON_BLOCKS = YES;
				GCC_OPTIMIZATION_LEVEL = 0;
				GCC_PREPROCESSOR_DEFINITIONS = (
					"DEBUG=1",
					"$(inherited)",
				);
				GCC_WARN_64_TO_32_BIT_CONVERSION = YES;
				GCC_WARN_ABOUT_RETURN_TYPE = YES_ERROR;
				GCC_WARN_UNDECLARED_SELECTOR = YES;
				GCC_WARN_UNINITIALIZED_AUTOS = YES_AGGRESSIVE;
				GCC_WARN_UNUSED_FUNCTION = YES;
				GCC_WARN_UNUSED_VARIABLE = YES;
				IPHONEOS_DEPLOYMENT_TARGET = 17.5;
				LOCALIZATION_PREFERS_STRING_CATALOGS = YES;
				MTL_ENABLE_DEBUG_INFO = INCLUDE_SOURCE;
				MTL_FAST_MATH = YES;
				ONLY_ACTIVE_ARCH = YES;
				SDKROOT = iphoneos;
				SWIFT_ACTIVE_COMPILATION_CONDITIONS = "DEBUG $(inherited)";
				SWIFT_OPTIMIZATION_LEVEL = "-Onone";
			};
			name = Debug;
		};
		599CC13D2C88C1C200AF5E08 /* Release */ = {
			isa = XCBuildConfiguration;
			buildSettings = {
				ALWAYS_SEARCH_USER_PATHS = NO;
				ASSETCATALOG_COMPILER_GENERATE_SWIFT_ASSET_SYMBOL_EXTENSIONS = YES;
				CLANG_ANALYZER_NONNULL = YES;
				CLANG_ANALYZER_NUMBER_OBJECT_CONVERSION = YES_AGGRESSIVE;
				CLANG_CXX_LANGUAGE_STANDARD = "gnu++20";
				CLANG_ENABLE_MODULES = YES;
				CLANG_ENABLE_OBJC_ARC = YES;
				CLANG_ENABLE_OBJC_WEAK = YES;
				CLANG_WARN_BLOCK_CAPTURE_AUTORELEASING = YES;
				CLANG_WARN_BOOL_CONVERSION = YES;
				CLANG_WARN_COMMA = YES;
				CLANG_WARN_CONSTANT_CONVERSION = YES;
				CLANG_WARN_DEPRECATED_OBJC_IMPLEMENTATIONS = YES;
				CLANG_WARN_DIRECT_OBJC_ISA_USAGE = YES_ERROR;
				CLANG_WARN_DOCUMENTATION_COMMENTS = YES;
				CLANG_WARN_EMPTY_BODY = YES;
				CLANG_WARN_ENUM_CONVERSION = YES;
				CLANG_WARN_INFINITE_RECURSION = YES;
				CLANG_WARN_INT_CONVERSION = YES;
				CLANG_WARN_NON_LITERAL_NULL_CONVERSION = YES;
				CLANG_WARN_OBJC_IMPLICIT_RETAIN_SELF = YES;
				CLANG_WARN_OBJC_LITERAL_CONVERSION = YES;
				CLANG_WARN_OBJC_ROOT_CLASS = YES_ERROR;
				CLANG_WARN_QUOTED_INCLUDE_IN_FRAMEWORK_HEADER = YES;
				CLANG_WARN_RANGE_LOOP_ANALYSIS = YES;
				CLANG_WARN_STRICT_PROTOTYPES = YES;
				CLANG_WARN_SUSPICIOUS_MOVE = YES;
				CLANG_WARN_UNGUARDED_AVAILABILITY = YES_AGGRESSIVE;
				CLANG_WARN_UNREACHABLE_CODE = YES;
				CLANG_WARN__DUPLICATE_METHOD_MATCH = YES;
				COPY_PHASE_STRIP = NO;
				DEBUG_INFORMATION_FORMAT = "dwarf-with-dsym";
				ENABLE_NS_ASSERTIONS = NO;
				ENABLE_STRICT_OBJC_MSGSEND = YES;
				ENABLE_USER_SCRIPT_SANDBOXING = YES;
				GCC_C_LANGUAGE_STANDARD = gnu17;
				GCC_NO_COMMON_BLOCKS = YES;
				GCC_WARN_64_TO_32_BIT_CONVERSION = YES;
				GCC_WARN_ABOUT_RETURN_TYPE = YES_ERROR;
				GCC_WARN_UNDECLARED_SELECTOR = YES;
				GCC_WARN_UNINITIALIZED_AUTOS = YES_AGGRESSIVE;
				GCC_WARN_UNUSED_FUNCTION = YES;
				GCC_WARN_UNUSED_VARIABLE = YES;
				IPHONEOS_DEPLOYMENT_TARGET = 17.5;
				LOCALIZATION_PREFERS_STRING_CATALOGS = YES;
				MTL_ENABLE_DEBUG_INFO = NO;
				MTL_FAST_MATH = YES;
				SDKROOT = iphoneos;
				SWIFT_COMPILATION_MODE = wholemodule;
				VALIDATE_PRODUCT = YES;
			};
			name = Release;
		};
		599CC13F2C88C1C200AF5E08 /* Debug */ = {
			isa = XCBuildConfiguration;
			buildSettings = {
				ASSETCATALOG_COMPILER_APPICON_NAME = AppIcon;
				ASSETCATALOG_COMPILER_GLOBAL_ACCENT_COLOR_NAME = AccentColor;
				CODE_SIGN_STYLE = Automatic;
				CURRENT_PROJECT_VERSION = 1;
				DEVELOPMENT_ASSET_PATHS = "\"AVPlayer-API/Preview Content\"";
				ENABLE_PREVIEWS = YES;
				GENERATE_INFOPLIST_FILE = YES;
				INFOPLIST_KEY_UIApplicationSceneManifest_Generation = YES;
				INFOPLIST_KEY_UIApplicationSupportsIndirectInputEvents = YES;
				INFOPLIST_KEY_UILaunchScreen_Generation = YES;
				INFOPLIST_KEY_UISupportedInterfaceOrientations_iPad = "UIInterfaceOrientationPortrait UIInterfaceOrientationPortraitUpsideDown UIInterfaceOrientationLandscapeLeft UIInterfaceOrientationLandscapeRight";
				INFOPLIST_KEY_UISupportedInterfaceOrientations_iPhone = "UIInterfaceOrientationPortrait UIInterfaceOrientationLandscapeLeft UIInterfaceOrientationLandscapeRight";
				LD_RUNPATH_SEARCH_PATHS = (
					"$(inherited)",
					"@executable_path/Frameworks",
				);
				MARKETING_VERSION = 1.0;
				PRODUCT_BUNDLE_IDENTIFIER = "com.dataTech.AVPlayer-API";
				PRODUCT_NAME = "$(TARGET_NAME)";
				SWIFT_EMIT_LOC_STRINGS = YES;
				SWIFT_VERSION = 5.0;
				TARGETED_DEVICE_FAMILY = "1,2";
			};
			name = Debug;
		};
		599CC1402C88C1C200AF5E08 /* Release */ = {
			isa = XCBuildConfiguration;
			buildSettings = {
				ASSETCATALOG_COMPILER_APPICON_NAME = AppIcon;
				ASSETCATALOG_COMPILER_GLOBAL_ACCENT_COLOR_NAME = AccentColor;
				CODE_SIGN_STYLE = Automatic;
				CURRENT_PROJECT_VERSION = 1;
				DEVELOPMENT_ASSET_PATHS = "\"AVPlayer-API/Preview Content\"";
				ENABLE_PREVIEWS = YES;
				GENERATE_INFOPLIST_FILE = YES;
				INFOPLIST_KEY_UIApplicationSceneManifest_Generation = YES;
				INFOPLIST_KEY_UIApplicationSupportsIndirectInputEvents = YES;
				INFOPLIST_KEY_UILaunchScreen_Generation = YES;
				INFOPLIST_KEY_UISupportedInterfaceOrientations_iPad = "UIInterfaceOrientationPortrait UIInterfaceOrientationPortraitUpsideDown UIInterfaceOrientationLandscapeLeft UIInterfaceOrientationLandscapeRight";
				INFOPLIST_KEY_UISupportedInterfaceOrientations_iPhone = "UIInterfaceOrientationPortrait UIInterfaceOrientationLandscapeLeft UIInterfaceOrientationLandscapeRight";
				LD_RUNPATH_SEARCH_PATHS = (
					"$(inherited)",
					"@executable_path/Frameworks",
				);
				MARKETING_VERSION = 1.0;
				PRODUCT_BUNDLE_IDENTIFIER = "com.dataTech.AVPlayer-API";
				PRODUCT_NAME = "$(TARGET_NAME)";
				SWIFT_EMIT_LOC_STRINGS = YES;
				SWIFT_VERSION = 5.0;
				TARGETED_DEVICE_FAMILY = "1,2";
			};
			name = Release;
		};
/* End XCBuildConfiguration section */

/* Begin XCConfigurationList section */
		599CC12B2C88C1C100AF5E08 /* Build configuration list for PBXProject "AVPlayer-API" */ = {
			isa = XCConfigurationList;
			buildConfigurations = (
				599CC13C2C88C1C200AF5E08 /* Debug */,
				599CC13D2C88C1C200AF5E08 /* Release */,
			);
			defaultConfigurationIsVisible = 0;
			defaultConfigurationName = Release;
		};
		599CC13E2C88C1C200AF5E08 /* Build configuration list for PBXNativeTarget "AVPlayer-API" */ = {
			isa = XCConfigurationList;
			buildConfigurations = (
				599CC13F2C88C1C200AF5E08 /* Debug */,
				599CC1402C88C1C200AF5E08 /* Release */,
			);
			defaultConfigurationIsVisible = 0;
			defaultConfigurationName = Release;
		};
/* End XCConfigurationList section */
	};
	rootObject = 599CC1282C88C1C100AF5E08 /* Project object */;
}
